
Microsoft Visual Studio Solution File, Format Version 12.00
Project("{FAE04EC0-301F-11D3-BF4B-00C04F79EFBC}") = "ImoutoRebirth.Kekkai\ImoutoRebirth.Kekkai", "ImoutoRebirth.Kekkai\ImoutoRebirth.Kekkai.csproj", "{FF151B5C-B915-4313-82AF-22C4FCA01195}"
EndProject
Global
	GlobalSection(SolutionConfigurationPlatforms) = preSolution
		Debug|Any CPU = Debug|Any CPU
		Release|Any CPU = Release|Any CPU
	EndGlobalSection
	GlobalSection(ProjectConfigurationPlatforms) = postSolution
		{FF151B5C-B915-4313-82AF-22C4FCA01195}.Debug|Any CPU.ActiveCfg = Debug|Any CPU
		{FF151B5C-B915-4313-82AF-22C4FCA01195}.Debug|Any CPU.Build.0 = Debug|Any CPU
		{FF151B5C-B915-4313-82AF-22C4FCA01195}.Release|Any CPU.ActiveCfg = Release|Any CPU
		{FF151B5C-B915-4313-82AF-22C4FCA01195}.Release|Any CPU.Build.0 = Release|Any CPU
	EndGlobalSection
EndGlobal
